
Microsoft Visual Studio Solution File, Format Version 12.00
# Visual Studio Version 17
VisualStudioVersion = 17.9.34701.34
MinimumVisualStudioVersion = 10.0.40219.1
Project("{FAE04EC0-301F-11D3-BF4B-00C04F79EFBC}") = "upLiftUnity_API", "upLiftUnity_API\upLiftUnity_API.csproj", "{6DFDE334-7AE3-48FC-924D-BD16DD99B8A5}"
EndProject
Global
	GlobalSection(SolutionConfigurationPlatforms) = preSolution
		Debug|Any CPU = Debug|Any CPU
		Release|Any CPU = Release|Any CPU
	EndGlobalSection
	GlobalSection(ProjectConfigurationPlatforms) = postSolution
		{6DFDE334-7AE3-48FC-924D-BD16DD99B8A5}.Debug|Any CPU.ActiveCfg = Debug|Any CPU
		{6DFDE334-7AE3-48FC-924D-BD16DD99B8A5}.Debug|Any CPU.Build.0 = Debug|Any CPU
		{6DFDE334-7AE3-48FC-924D-BD16DD99B8A5}.Release|Any CPU.ActiveCfg = Release|Any CPU
		{6DFDE334-7AE3-48FC-924D-BD16DD99B8A5}.Release|Any CPU.Build.0 = Release|Any CPU
	EndGlobalSection
	GlobalSection(SolutionProperties) = preSolution
		HideSolutionNode = FALSE
	EndGlobalSection
	GlobalSection(ExtensibilityGlobals) = postSolution
		SolutionGuid = {11DC9AF1-5FEC-4017-9219-8E9854159C63}
	EndGlobalSection
EndGlobal
